
Microsoft Visual Studio Solution File, Format Version 12.00
# Visual Studio Version 17
VisualStudioVersion = 17.8.34525.116
MinimumVisualStudioVersion = 10.0.40219.1
Project("{FAE04EC0-301F-11D3-BF4B-00C04F79EFBC}") = "Blogy.WebUI", "Blogy.WebUI\Blogy.WebUI.csproj", "{AB6DB282-14C8-4F00-BAE3-22F0B44704E8}"
EndProject
Project("{FAE04EC0-301F-11D3-BF4B-00C04F79EFBC}") = "Blogy.EntityLayer", "Blogy.EntityLayer\Blogy.EntityLayer.csproj", "{ED8F538B-0D98-411E-86C3-52786C9BC634}"
EndProject
Project("{FAE04EC0-301F-11D3-BF4B-00C04F79EFBC}") = "Blogy.DataAccessLayer", "Blogy.DataAccessLayer\Blogy.DataAccessLayer.csproj", "{C440ED09-08E3-4697-8C59-C4B9A63957B7}"
EndProject
Project("{FAE04EC0-301F-11D3-BF4B-00C04F79EFBC}") = "Blogy.BusinessLayer", "Blogy.BusinessLayer\Blogy.BusinessLayer.csproj", "{D8425020-D269-4919-89A3-E886398B9A84}"
EndProject
Global
	GlobalSection(SolutionConfigurationPlatforms) = preSolution
		Debug|Any CPU = Debug|Any CPU
		Release|Any CPU = Release|Any CPU
	EndGlobalSection
	GlobalSection(ProjectConfigurationPlatforms) = postSolution
		{AB6DB282-14C8-4F00-BAE3-22F0B44704E8}.Debug|Any CPU.ActiveCfg = Debug|Any CPU
		{AB6DB282-14C8-4F00-BAE3-22F0B44704E8}.Debug|Any CPU.Build.0 = Debug|Any CPU
		{AB6DB282-14C8-4F00-BAE3-22F0B44704E8}.Release|Any CPU.ActiveCfg = Release|Any CPU
		{AB6DB282-14C8-4F00-BAE3-22F0B44704E8}.Release|Any CPU.Build.0 = Release|Any CPU
		{ED8F538B-0D98-411E-86C3-52786C9BC634}.Debug|Any CPU.ActiveCfg = Debug|Any CPU
		{ED8F538B-0D98-411E-86C3-52786C9BC634}.Debug|Any CPU.Build.0 = Debug|Any CPU
		{ED8F538B-0D98-411E-86C3-52786C9BC634}.Release|Any CPU.ActiveCfg = Release|Any CPU
		{ED8F538B-0D98-411E-86C3-52786C9BC634}.Release|Any CPU.Build.0 = Release|Any CPU
		{C440ED09-08E3-4697-8C59-C4B9A63957B7}.Debug|Any CPU.ActiveCfg = Debug|Any CPU
		{C440ED09-08E3-4697-8C59-C4B9A63957B7}.Debug|Any CPU.Build.0 = Debug|Any CPU
		{C440ED09-08E3-4697-8C59-C4B9A63957B7}.Release|Any CPU.ActiveCfg = Release|Any CPU
		{C440ED09-08E3-4697-8C59-C4B9A63957B7}.Release|Any CPU.Build.0 = Release|Any CPU
		{D8425020-D269-4919-89A3-E886398B9A84}.Debug|Any CPU.ActiveCfg = Debug|Any CPU
		{D8425020-D269-4919-89A3-E886398B9A84}.Debug|Any CPU.Build.0 = Debug|Any CPU
		{D8425020-D269-4919-89A3-E886398B9A84}.Release|Any CPU.ActiveCfg = Release|Any CPU
		{D8425020-D269-4919-89A3-E886398B9A84}.Release|Any CPU.Build.0 = Release|Any CPU
	EndGlobalSection
	GlobalSection(SolutionProperties) = preSolution
		HideSolutionNode = FALSE
	EndGlobalSection
	GlobalSection(ExtensibilityGlobals) = postSolution
		SolutionGuid = {841B1685-64E1-4FEA-BF81-95987837AEF5}
	EndGlobalSection
EndGlobal
